
Microsoft Visual Studio Solution File, Format Version 12.00
# Visual Studio Version 17
VisualStudioVersion = 17.9.34701.34
MinimumVisualStudioVersion = 10.0.40219.1
Project("{FAE04EC0-301F-11D3-BF4B-00C04F79EFBC}") = "Tile_Front_Sea", "Tile_Front_Sea\Tile_Front_Sea.csproj", "{843F0153-2913-4C87-A214-71BA972C7BFE}"
EndProject
Global
	GlobalSection(SolutionConfigurationPlatforms) = preSolution
		Debug|Any CPU = Debug|Any CPU
		Release|Any CPU = Release|Any CPU
	EndGlobalSection
	GlobalSection(ProjectConfigurationPlatforms) = postSolution
		{843F0153-2913-4C87-A214-71BA972C7BFE}.Debug|Any CPU.ActiveCfg = Debug|Any CPU
		{843F0153-2913-4C87-A214-71BA972C7BFE}.Debug|Any CPU.Build.0 = Debug|Any CPU
		{843F0153-2913-4C87-A214-71BA972C7BFE}.Release|Any CPU.ActiveCfg = Release|Any CPU
		{843F0153-2913-4C87-A214-71BA972C7BFE}.Release|Any CPU.Build.0 = Release|Any CPU
	EndGlobalSection
	GlobalSection(SolutionProperties) = preSolution
		HideSolutionNode = FALSE
	EndGlobalSection
	GlobalSection(ExtensibilityGlobals) = postSolution
		SolutionGuid = {EBC6331A-22A2-48BF-BABA-E8FB75C0D983}
	EndGlobalSection
EndGlobal
